
Microsoft Visual Studio Solution File, Format Version 12.00
# Visual Studio 14
VisualStudioVersion = 14.0.25420.1
MinimumVisualStudioVersion = 10.0.40219.1
Project("{E24C65DC-7377-472B-9ABA-BC803B73C61A}") = "Lab_Login", ".", "{26089E27-9ACD-4AF0-951B-299F82FDADCA}"
	ProjectSection(WebsiteProperties) = preProject
		TargetFrameworkMoniker = ".NETFramework,Version%3Dv4.0"
		Debug.AspNetCompiler.VirtualPath = "/localhost_5561"
		Debug.AspNetCompiler.PhysicalPath = "..\Lab_Login\"
		Debug.AspNetCompiler.TargetPath = "PrecompiledWeb\localhost_5561\"
		Debug.AspNetCompiler.Updateable = "true"
		Debug.AspNetCompiler.ForceOverwrite = "true"
		Debug.AspNetCompiler.FixedNames = "false"
		Debug.AspNetCompiler.Debug = "True"
		Release.AspNetCompiler.VirtualPath = "/localhost_5561"
		Release.AspNetCompiler.PhysicalPath = "..\Lab_Login\"
		Release.AspNetCompiler.TargetPath = "PrecompiledWeb\localhost_5561\"
		Release.AspNetCompiler.Updateable = "true"
		Release.AspNetCompiler.ForceOverwrite = "true"
		Release.AspNetCompiler.FixedNames = "false"
		Release.AspNetCompiler.Debug = "False"
		VWDPort = "5561"
		SlnRelativePath = "..\Lab_Login\"
	EndProjectSection
EndProject
Global
	GlobalSection(SolutionConfigurationPlatforms) = preSolution
		Debug|Any CPU = Debug|Any CPU
	EndGlobalSection
	GlobalSection(ProjectConfigurationPlatforms) = postSolution
		{26089E27-9ACD-4AF0-951B-299F82FDADCA}.Debug|Any CPU.ActiveCfg = Debug|Any CPU
		{26089E27-9ACD-4AF0-951B-299F82FDADCA}.Debug|Any CPU.Build.0 = Debug|Any CPU
	EndGlobalSection
	GlobalSection(SolutionProperties) = preSolution
		HideSolutionNode = FALSE
	EndGlobalSection
EndGlobal
